
Microsoft Visual Studio Solution File, Format Version 12.00
# Visual Studio Version 17
VisualStudioVersion = 17.14.37012.4
MinimumVisualStudioVersion = 10.0.40219.1
Project("{FAE04EC0-301F-11D3-BF4B-00C04F79EFBC}") = "Sistema de registro de estudiantes", "Sistema de registro de estudiantes\Sistema de registro de estudiantes.csproj", "{52CB68A2-9F86-4D9C-B305-B02EB32D981B}"
EndProject
Project("{FAE04EC0-301F-11D3-BF4B-00C04F79EFBC}") = "Sistema de inventario de productos", "Sistema de inventario de productos\Sistema de inventario de productos.csproj", "{543981F9-0FCA-4828-A754-121728AE9051}"
EndProject
Project("{FAE04EC0-301F-11D3-BF4B-00C04F79EFBC}") = "Sistema de empleados de una empresa", "Sistema de empleados de una empresa\Sistema de empleados de una empresa.csproj", "{17E66DBB-FEE9-4C00-9F9B-A4DB428D2FD1}"
EndProject
Project("{FAE04EC0-301F-11D3-BF4B-00C04F79EFBC}") = "Sistema de ventas de una tienda", "Sistema de ventas de una tienda\Sistema de ventas de una tienda.csproj", "{ECA3E499-CC53-4C14-A28F-4A27EB960C5B}"
EndProject
Project("{FAE04EC0-301F-11D3-BF4B-00C04F79EFBC}") = "Sistema de biblioteca", "Sistema de biblioteca\Sistema de biblioteca.csproj", "{B5666337-8AB0-4546-966D-A910CBCEC51A}"
EndProject
Project("{FAE04EC0-301F-11D3-BF4B-00C04F79EFBC}") = "Registro de estudiantes utilizando diccionario", "Registro de estudiantes utilizando diccionario\Registro de estudiantes utilizando diccionario.csproj", "{B3B9853F-8B07-4FB9-B3A2-950A6090DAE6}"
EndProject
Project("{FAE04EC0-301F-11D3-BF4B-00C04F79EFBC}") = "Sistema de productos por código", "Sistema de productos por código\Sistema de productos por código.csproj", "{3DA338A0-FE97-43E1-8711-56D0EDB39589}"
EndProject
Project("{FAE04EC0-301F-11D3-BF4B-00C04F79EFBC}") = "Sistema de cuentas bancarias", "Sistema de cuentas bancarias con diccionario\Sistema de cuentas bancarias.csproj", "{EC6CA14B-B121-4E3D-9426-F4E98A12C187}"
EndProject
Project("{FAE04EC0-301F-11D3-BF4B-00C04F79EFBC}") = "Sistema de cursos universitarios", "Sistema de cursos universitarios\Sistema de cursos universitarios.csproj", "{C7670C7B-F149-42D4-B0AB-BDF514158ED0}"
EndProject
Project("{FAE04EC0-301F-11D3-BF4B-00C04F79EFBC}") = "Sistema de pedidos de clientes", "Sistema de pedidos de clientes\Sistema de pedidos de clientes.csproj", "{C43B91FF-FA3D-44AD-8A9C-ADD6F5F0C85E}"
EndProject
Global
	GlobalSection(SolutionConfigurationPlatforms) = preSolution
		Debug|Any CPU = Debug|Any CPU
		Release|Any CPU = Release|Any CPU
	EndGlobalSection
	GlobalSection(ProjectConfigurationPlatforms) = postSolution
		{52CB68A2-9F86-4D9C-B305-B02EB32D981B}.Debug|Any CPU.ActiveCfg = Debug|Any CPU
		{52CB68A2-9F86-4D9C-B305-B02EB32D981B}.Debug|Any CPU.Build.0 = Debug|Any CPU
		{52CB68A2-9F86-4D9C-B305-B02EB32D981B}.Release|Any CPU.ActiveCfg = Release|Any CPU
		{52CB68A2-9F86-4D9C-B305-B02EB32D981B}.Release|Any CPU.Build.0 = Release|Any CPU
		{543981F9-0FCA-4828-A754-121728AE9051}.Debug|Any CPU.ActiveCfg = Debug|Any CPU
		{543981F9-0FCA-4828-A754-121728AE9051}.Debug|Any CPU.Build.0 = Debug|Any CPU
		{543981F9-0FCA-4828-A754-121728AE9051}.Release|Any CPU.ActiveCfg = Release|Any CPU
		{543981F9-0FCA-4828-A754-121728AE9051}.Release|Any CPU.Build.0 = Release|Any CPU
		{17E66DBB-FEE9-4C00-9F9B-A4DB428D2FD1}.Debug|Any CPU.ActiveCfg = Debug|Any CPU
		{17E66DBB-FEE9-4C00-9F9B-A4DB428D2FD1}.Debug|Any CPU.Build.0 = Debug|Any CPU
		{17E66DBB-FEE9-4C00-9F9B-A4DB428D2FD1}.Release|Any CPU.ActiveCfg = Release|Any CPU
		{17E66DBB-FEE9-4C00-9F9B-A4DB428D2FD1}.Release|Any CPU.Build.0 = Release|Any CPU
		{ECA3E499-CC53-4C14-A28F-4A27EB960C5B}.Debug|Any CPU.ActiveCfg = Debug|Any CPU
		{ECA3E499-CC53-4C14-A28F-4A27EB960C5B}.Debug|Any CPU.Build.0 = Debug|Any CPU
		{ECA3E499-CC53-4C14-A28F-4A27EB960C5B}.Release|Any CPU.ActiveCfg = Release|Any CPU
		{ECA3E499-CC53-4C14-A28F-4A27EB960C5B}.Release|Any CPU.Build.0 = Release|Any CPU
		{B5666337-8AB0-4546-966D-A910CBCEC51A}.Debug|Any CPU.ActiveCfg = Debug|Any CPU
		{B5666337-8AB0-4546-966D-A910CBCEC51A}.Debug|Any CPU.Build.0 = Debug|Any CPU
		{B5666337-8AB0-4546-966D-A910CBCEC51A}.Release|Any CPU.ActiveCfg = Release|Any CPU
		{B5666337-8AB0-4546-966D-A910CBCEC51A}.Release|Any CPU.Build.0 = Release|Any CPU
		{B3B9853F-8B07-4FB9-B3A2-950A6090DAE6}.Debug|Any CPU.ActiveCfg = Debug|Any CPU
		{B3B9853F-8B07-4FB9-B3A2-950A6090DAE6}.Debug|Any CPU.Build.0 = Debug|Any CPU
		{B3B9853F-8B07-4FB9-B3A2-950A6090DAE6}.Release|Any CPU.ActiveCfg = Release|Any CPU
		{B3B9853F-8B07-4FB9-B3A2-950A6090DAE6}.Release|Any CPU.Build.0 = Release|Any CPU
		{3DA338A0-FE97-43E1-8711-56D0EDB39589}.Debug|Any CPU.ActiveCfg = Debug|Any CPU
		{3DA338A0-FE97-43E1-8711-56D0EDB39589}.Debug|Any CPU.Build.0 = Debug|Any CPU
		{3DA338A0-FE97-43E1-8711-56D0EDB39589}.Release|Any CPU.ActiveCfg = Release|Any CPU
		{3DA338A0-FE97-43E1-8711-56D0EDB39589}.Release|Any CPU.Build.0 = Release|Any CPU
		{EC6CA14B-B121-4E3D-9426-F4E98A12C187}.Debug|Any CPU.ActiveCfg = Debug|Any CPU
		{EC6CA14B-B121-4E3D-9426-F4E98A12C187}.Debug|Any CPU.Build.0 = Debug|Any CPU
		{EC6CA14B-B121-4E3D-9426-F4E98A12C187}.Release|Any CPU.ActiveCfg = Release|Any CPU
		{EC6CA14B-B121-4E3D-9426-F4E98A12C187}.Release|Any CPU.Build.0 = Release|Any CPU
		{C7670C7B-F149-42D4-B0AB-BDF514158ED0}.Debug|Any CPU.ActiveCfg = Debug|Any CPU
		{C7670C7B-F149-42D4-B0AB-BDF514158ED0}.Debug|Any CPU.Build.0 = Debug|Any CPU
		{C7670C7B-F149-42D4-B0AB-BDF514158ED0}.Release|Any CPU.ActiveCfg = Release|Any CPU
		{C7670C7B-F149-42D4-B0AB-BDF514158ED0}.Release|Any CPU.Build.0 = Release|Any CPU
		{C43B91FF-FA3D-44AD-8A9C-ADD6F5F0C85E}.Debug|Any CPU.ActiveCfg = Debug|Any CPU
		{C43B91FF-FA3D-44AD-8A9C-ADD6F5F0C85E}.Debug|Any CPU.Build.0 = Debug|Any CPU
		{C43B91FF-FA3D-44AD-8A9C-ADD6F5F0C85E}.Release|Any CPU.ActiveCfg = Release|Any CPU
		{C43B91FF-FA3D-44AD-8A9C-ADD6F5F0C85E}.Release|Any CPU.Build.0 = Release|Any CPU
	EndGlobalSection
	GlobalSection(SolutionProperties) = preSolution
		HideSolutionNode = FALSE
	EndGlobalSection
	GlobalSection(ExtensibilityGlobals) = postSolution
		SolutionGuid = {DD636750-9997-4D40-81FB-C05C4358BF6A}
	EndGlobalSection
EndGlobal
