
Microsoft Visual Studio Solution File, Format Version 12.00
# Visual Studio Version 17
VisualStudioVersion = 17.14.37012.4
MinimumVisualStudioVersion = 10.0.40219.1
Project("{FAE04EC0-301F-11D3-BF4B-00C04F79EFBC}") = "Sistema de registro de estudiantes", "Sistema de registro de estudiantes\Sistema de registro de estudiantes.csproj", "{52CB68A2-9F86-4D9C-B305-B02EB32D981B}"
EndProject
Project("{FAE04EC0-301F-11D3-BF4B-00C04F79EFBC}") = "Sistema de inventario de productos", "Sistema de inventario de productos\Sistema de inventario de productos.csproj", "{543981F9-0FCA-4828-A754-121728AE9051}"
EndProject
Project("{FAE04EC0-301F-11D3-BF4B-00C04F79EFBC}") = "Sistema de empleados de una empresa", "Sistema de empleados de una empresa\Sistema de empleados de una empresa.csproj", "{17E66DBB-FEE9-4C00-9F9B-A4DB428D2FD1}"
EndProject
Project("{FAE04EC0-301F-11D3-BF4B-00C04F79EFBC}") = "Sistema de ventas de una tienda", "Sistema de ventas de una tienda\Sistema de ventas de una tienda.csproj", "{ECA3E499-CC53-4C14-A28F-4A27EB960C5B}"
EndProject
Global
	GlobalSection(SolutionConfigurationPlatforms) = preSolution
		Debug|Any CPU = Debug|Any CPU
		Release|Any CPU = Release|Any CPU
	EndGlobalSection
	GlobalSection(ProjectConfigurationPlatforms) = postSolution
		{52CB68A2-9F86-4D9C-B305-B02EB32D981B}.Debug|Any CPU.ActiveCfg = Debug|Any CPU
		{52CB68A2-9F86-4D9C-B305-B02EB32D981B}.Debug|Any CPU.Build.0 = Debug|Any CPU
		{52CB68A2-9F86-4D9C-B305-B02EB32D981B}.Release|Any CPU.ActiveCfg = Release|Any CPU
		{52CB68A2-9F86-4D9C-B305-B02EB32D981B}.Release|Any CPU.Build.0 = Release|Any CPU
		{543981F9-0FCA-4828-A754-121728AE9051}.Debug|Any CPU.ActiveCfg = Debug|Any CPU
		{543981F9-0FCA-4828-A754-121728AE9051}.Debug|Any CPU.Build.0 = Debug|Any CPU
		{543981F9-0FCA-4828-A754-121728AE9051}.Release|Any CPU.ActiveCfg = Release|Any CPU
		{543981F9-0FCA-4828-A754-121728AE9051}.Release|Any CPU.Build.0 = Release|Any CPU
		{17E66DBB-FEE9-4C00-9F9B-A4DB428D2FD1}.Debug|Any CPU.ActiveCfg = Debug|Any CPU
		{17E66DBB-FEE9-4C00-9F9B-A4DB428D2FD1}.Debug|Any CPU.Build.0 = Debug|Any CPU
		{17E66DBB-FEE9-4C00-9F9B-A4DB428D2FD1}.Release|Any CPU.ActiveCfg = Release|Any CPU
		{17E66DBB-FEE9-4C00-9F9B-A4DB428D2FD1}.Release|Any CPU.Build.0 = Release|Any CPU
		{ECA3E499-CC53-4C14-A28F-4A27EB960C5B}.Debug|Any CPU.ActiveCfg = Debug|Any CPU
		{ECA3E499-CC53-4C14-A28F-4A27EB960C5B}.Debug|Any CPU.Build.0 = Debug|Any CPU
		{ECA3E499-CC53-4C14-A28F-4A27EB960C5B}.Release|Any CPU.ActiveCfg = Release|Any CPU
		{ECA3E499-CC53-4C14-A28F-4A27EB960C5B}.Release|Any CPU.Build.0 = Release|Any CPU
	EndGlobalSection
	GlobalSection(SolutionProperties) = preSolution
		HideSolutionNode = FALSE
	EndGlobalSection
	GlobalSection(ExtensibilityGlobals) = postSolution
		SolutionGuid = {DD636750-9997-4D40-81FB-C05C4358BF6A}
	EndGlobalSection
EndGlobal
